
Microsoft Visual Studio Solution File, Format Version 12.00
# Visual Studio Version 17
VisualStudioVersion = 17.3.32825.248
MinimumVisualStudioVersion = 10.0.40219.1
Project("{FAE04EC0-301F-11D3-BF4B-00C04F79EFBC}") = "MvcAgenda", "MvcAgenda\MvcAgenda.csproj", "{4ECA5BC0-82DA-41B9-9957-1E9575B955B0}"
EndProject
Global
	GlobalSection(SolutionConfigurationPlatforms) = preSolution
		Debug|Any CPU = Debug|Any CPU
		Release|Any CPU = Release|Any CPU
	EndGlobalSection
	GlobalSection(ProjectConfigurationPlatforms) = postSolution
		{4ECA5BC0-82DA-41B9-9957-1E9575B955B0}.Debug|Any CPU.ActiveCfg = Debug|Any CPU
		{4ECA5BC0-82DA-41B9-9957-1E9575B955B0}.Debug|Any CPU.Build.0 = Debug|Any CPU
		{4ECA5BC0-82DA-41B9-9957-1E9575B955B0}.Release|Any CPU.ActiveCfg = Release|Any CPU
		{4ECA5BC0-82DA-41B9-9957-1E9575B955B0}.Release|Any CPU.Build.0 = Release|Any CPU
	EndGlobalSection
	GlobalSection(SolutionProperties) = preSolution
		HideSolutionNode = FALSE
	EndGlobalSection
	GlobalSection(ExtensibilityGlobals) = postSolution
		SolutionGuid = {E011F1AF-CC71-419E-86D9-3C16E03FA5CE}
	EndGlobalSection
EndGlobal
